// !$*UTF8*$!
{
	archiveVersion = 1;
	classes = {
	};
	objectVersion = 46;
	objects = {

/* Begin PBXBuildFile section */
		4A3A75D55EEA537D2BCD1025 /* Pods_MTGHelper.framework in Frameworks */ = {isa = PBXBuildFile; fileRef = EA59BB8AE00FCCBC66CF7134 /* Pods_MTGHelper.framework */; };
		734E427D1D254F1E00575101 /* LaunchScreen.storyboard in Resources */ = {isa = PBXBuildFile; fileRef = 734E427B1D254F1E00575101 /* LaunchScreen.storyboard */; };
		734E42881D254F1E00575101 /* MTGHelperTests.swift in Sources */ = {isa = PBXBuildFile; fileRef = 734E42871D254F1E00575101 /* MTGHelperTests.swift */; };
		734E42A41D26BBA900575101 /* CardsSearchViewController.swift in Sources */ = {isa = PBXBuildFile; fileRef = 734E42A21D26BBA900575101 /* CardsSearchViewController.swift */; };
		734E42A51D26BBA900575101 /* CardsSearchViewController.xib in Resources */ = {isa = PBXBuildFile; fileRef = 734E42A31D26BBA900575101 /* CardsSearchViewController.xib */; };
		734E42AF1D293E5200575101 /* DeckbrewAPI.swift in Sources */ = {isa = PBXBuildFile; fileRef = 734E42AE1D293E5100575101 /* DeckbrewAPI.swift */; };
		734E42B11D294F6600575101 /* Config.swift in Sources */ = {isa = PBXBuildFile; fileRef = 734E42B01D294F6600575101 /* Config.swift */; };
		734E42B31D29500A00575101 /* ServerResponse.swift in Sources */ = {isa = PBXBuildFile; fileRef = 734E42B21D29500A00575101 /* ServerResponse.swift */; };
		734E42B51D29506700575101 /* CustomError.swift in Sources */ = {isa = PBXBuildFile; fileRef = 734E42B41D29506700575101 /* CustomError.swift */; };
		734E42B71D2957CE00575101 /* ServerCard.swift in Sources */ = {isa = PBXBuildFile; fileRef = 734E42B61D2957CE00575101 /* ServerCard.swift */; };
		734E42B91D295B3200575101 /* CardsSearchViewModel.swift in Sources */ = {isa = PBXBuildFile; fileRef = 734E42B81D295B3200575101 /* CardsSearchViewModel.swift */; };
		734E42BB1D295BFC00575101 /* CardsSearchService.swift in Sources */ = {isa = PBXBuildFile; fileRef = 734E42BA1D295BFC00575101 /* CardsSearchService.swift */; };
		734E42BD1D2961CA00575101 /* ErrorTypeAdditions.swift in Sources */ = {isa = PBXBuildFile; fileRef = 734E42BC1D2961CA00575101 /* ErrorTypeAdditions.swift */; };
		734E42BF1D29626700575101 /* UIViewControllerAdditions.swift in Sources */ = {isa = PBXBuildFile; fileRef = 734E42BE1D29626700575101 /* UIViewControllerAdditions.swift */; };
		734E42C11D29700F00575101 /* Card.swift in Sources */ = {isa = PBXBuildFile; fileRef = 734E42C01D29700F00575101 /* Card.swift */; };
		734E42C31D2970D900575101 /* ServerCardsList.swift in Sources */ = {isa = PBXBuildFile; fileRef = 734E42C21D2970D900575101 /* ServerCardsList.swift */; };
		734E42C61D2982B300575101 /* SearchCardsTableViewCell.swift in Sources */ = {isa = PBXBuildFile; fileRef = 734E42C41D2982B300575101 /* SearchCardsTableViewCell.swift */; };
		734E42C71D2982B400575101 /* SearchCardsTableViewCell.xib in Resources */ = {isa = PBXBuildFile; fileRef = 734E42C51D2982B300575101 /* SearchCardsTableViewCell.xib */; };
		734E42C91D29937D00575101 /* UIImageViewAdditions.swift in Sources */ = {isa = PBXBuildFile; fileRef = 734E42C81D29937D00575101 /* UIImageViewAdditions.swift */; };
		734E42CD1D299E6D00575101 /* CardDetailsViewModel.swift in Sources */ = {isa = PBXBuildFile; fileRef = 734E42CC1D299E6D00575101 /* CardDetailsViewModel.swift */; };
		734E42D01D299E9B00575101 /* CardDetailsViewController.swift in Sources */ = {isa = PBXBuildFile; fileRef = 734E42CE1D299E9B00575101 /* CardDetailsViewController.swift */; };
		734E42D11D299E9B00575101 /* CardDetailsViewController.xib in Resources */ = {isa = PBXBuildFile; fileRef = 734E42CF1D299E9B00575101 /* CardDetailsViewController.xib */; };
		8EE32FDBB2B58F877221BD15 /* Pods_MTGHelperTests.framework in Frameworks */ = {isa = PBXBuildFile; fileRef = C8D1F8A9E971665F433ACB7D /* Pods_MTGHelperTests.framework */; };
		B561E2590F8426481A1C9EBE /* AppDelegate.swift in Sources */ = {isa = PBXBuildFile; fileRef = B561ECB4FD71FF8E6CDEF1CE /* AppDelegate.swift */; };
		B561E7E4E82B24E019C8BDAF /* Assets.xcassets in Resources */ = {isa = PBXBuildFile; fileRef = B561E61C59A4EA67DA02E983 /* Assets.xcassets */; };
/* End PBXBuildFile section */

/* Begin PBXContainerItemProxy section */
		734E42841D254F1E00575101 /* PBXContainerItemProxy */ = {
			isa = PBXContainerItemProxy;
			containerPortal = 734E42671D254F1D00575101 /* Project object */;
			proxyType = 1;
			remoteGlobalIDString = 734E426E1D254F1D00575101;
			remoteInfo = MTGHelper;
		};
/* End PBXContainerItemProxy section */

/* Begin PBXFileReference section */
		1E2A4F5932B4F19733585733 /* Pods-MTGHelper.debug.xcconfig */ = {isa = PBXFileReference; includeInIndex = 1; lastKnownFileType = text.xcconfig; name = "Pods-MTGHelper.debug.xcconfig"; path = "Pods/Target Support Files/Pods-MTGHelper/Pods-MTGHelper.debug.xcconfig"; sourceTree = "<group>"; };
		734E426F1D254F1D00575101 /* MTGHelper.app */ = {isa = PBXFileReference; explicitFileType = wrapper.application; includeInIndex = 0; path = MTGHelper.app; sourceTree = BUILT_PRODUCTS_DIR; };
		734E427C1D254F1E00575101 /* Base */ = {isa = PBXFileReference; lastKnownFileType = file.storyboard; name = Base; path = Base.lproj/LaunchScreen.storyboard; sourceTree = "<group>"; };
		734E42831D254F1E00575101 /* MTGHelperTests.xctest */ = {isa = PBXFileReference; explicitFileType = wrapper.cfbundle; includeInIndex = 0; path = MTGHelperTests.xctest; sourceTree = BUILT_PRODUCTS_DIR; };
		734E42871D254F1E00575101 /* MTGHelperTests.swift */ = {isa = PBXFileReference; lastKnownFileType = sourcecode.swift; path = MTGHelperTests.swift; sourceTree = "<group>"; };
		734E42891D254F1E00575101 /* Info.plist */ = {isa = PBXFileReference; lastKnownFileType = text.plist.xml; path = Info.plist; sourceTree = "<group>"; };
		734E42A21D26BBA900575101 /* CardsSearchViewController.swift */ = {isa = PBXFileReference; fileEncoding = 4; lastKnownFileType = sourcecode.swift; path = CardsSearchViewController.swift; sourceTree = "<group>"; };
		734E42A31D26BBA900575101 /* CardsSearchViewController.xib */ = {isa = PBXFileReference; fileEncoding = 4; lastKnownFileType = file.xib; path = CardsSearchViewController.xib; sourceTree = "<group>"; };
		734E42AE1D293E5100575101 /* DeckbrewAPI.swift */ = {isa = PBXFileReference; fileEncoding = 4; lastKnownFileType = sourcecode.swift; path = DeckbrewAPI.swift; sourceTree = "<group>"; };
		734E42B01D294F6600575101 /* Config.swift */ = {isa = PBXFileReference; fileEncoding = 4; lastKnownFileType = sourcecode.swift; path = Config.swift; sourceTree = "<group>"; };
		734E42B21D29500A00575101 /* ServerResponse.swift */ = {isa = PBXFileReference; fileEncoding = 4; lastKnownFileType = sourcecode.swift; path = ServerResponse.swift; sourceTree = "<group>"; };
		734E42B41D29506700575101 /* CustomError.swift */ = {isa = PBXFileReference; fileEncoding = 4; lastKnownFileType = sourcecode.swift; path = CustomError.swift; sourceTree = "<group>"; };
		734E42B61D2957CE00575101 /* ServerCard.swift */ = {isa = PBXFileReference; fileEncoding = 4; lastKnownFileType = sourcecode.swift; path = ServerCard.swift; sourceTree = "<group>"; };
		734E42B81D295B3200575101 /* CardsSearchViewModel.swift */ = {isa = PBXFileReference; fileEncoding = 4; lastKnownFileType = sourcecode.swift; path = CardsSearchViewModel.swift; sourceTree = "<group>"; };
		734E42BA1D295BFC00575101 /* CardsSearchService.swift */ = {isa = PBXFileReference; fileEncoding = 4; lastKnownFileType = sourcecode.swift; path = CardsSearchService.swift; sourceTree = "<group>"; };
		734E42BC1D2961CA00575101 /* ErrorTypeAdditions.swift */ = {isa = PBXFileReference; fileEncoding = 4; lastKnownFileType = sourcecode.swift; path = ErrorTypeAdditions.swift; sourceTree = "<group>"; };
		734E42BE1D29626700575101 /* UIViewControllerAdditions.swift */ = {isa = PBXFileReference; fileEncoding = 4; lastKnownFileType = sourcecode.swift; path = UIViewControllerAdditions.swift; sourceTree = "<group>"; };
		734E42C01D29700F00575101 /* Card.swift */ = {isa = PBXFileReference; fileEncoding = 4; lastKnownFileType = sourcecode.swift; path = Card.swift; sourceTree = "<group>"; };
		734E42C21D2970D900575101 /* ServerCardsList.swift */ = {isa = PBXFileReference; fileEncoding = 4; lastKnownFileType = sourcecode.swift; path = ServerCardsList.swift; sourceTree = "<group>"; };
		734E42C41D2982B300575101 /* SearchCardsTableViewCell.swift */ = {isa = PBXFileReference; fileEncoding = 4; lastKnownFileType = sourcecode.swift; path = SearchCardsTableViewCell.swift; sourceTree = "<group>"; };
		734E42C51D2982B300575101 /* SearchCardsTableViewCell.xib */ = {isa = PBXFileReference; fileEncoding = 4; lastKnownFileType = file.xib; path = SearchCardsTableViewCell.xib; sourceTree = "<group>"; };
		734E42C81D29937D00575101 /* UIImageViewAdditions.swift */ = {isa = PBXFileReference; fileEncoding = 4; lastKnownFileType = sourcecode.swift; path = UIImageViewAdditions.swift; sourceTree = "<group>"; };
		734E42CC1D299E6D00575101 /* CardDetailsViewModel.swift */ = {isa = PBXFileReference; fileEncoding = 4; lastKnownFileType = sourcecode.swift; path = CardDetailsViewModel.swift; sourceTree = "<group>"; };
		734E42CE1D299E9B00575101 /* CardDetailsViewController.swift */ = {isa = PBXFileReference; fileEncoding = 4; lastKnownFileType = sourcecode.swift; path = CardDetailsViewController.swift; sourceTree = "<group>"; };
		734E42CF1D299E9B00575101 /* CardDetailsViewController.xib */ = {isa = PBXFileReference; fileEncoding = 4; lastKnownFileType = file.xib; path = CardDetailsViewController.xib; sourceTree = "<group>"; };
		7BC45E34CB1F8C2402296E11 /* Pods-MTGHelper.release.xcconfig */ = {isa = PBXFileReference; includeInIndex = 1; lastKnownFileType = text.xcconfig; name = "Pods-MTGHelper.release.xcconfig"; path = "Pods/Target Support Files/Pods-MTGHelper/Pods-MTGHelper.release.xcconfig"; sourceTree = "<group>"; };
		951D7FB7BCC11FAB9A255331 /* Pods-MTGHelperTests.release.xcconfig */ = {isa = PBXFileReference; includeInIndex = 1; lastKnownFileType = text.xcconfig; name = "Pods-MTGHelperTests.release.xcconfig"; path = "Pods/Target Support Files/Pods-MTGHelperTests/Pods-MTGHelperTests.release.xcconfig"; sourceTree = "<group>"; };
		B561E219EB1F8292FE2B0353 /* Info.plist */ = {isa = PBXFileReference; fileEncoding = 4; lastKnownFileType = text.plist.info; path = Info.plist; sourceTree = "<group>"; };
		B561E61C59A4EA67DA02E983 /* Assets.xcassets */ = {isa = PBXFileReference; lastKnownFileType = folder.assetcatalog; path = Assets.xcassets; sourceTree = "<group>"; };
		B561ECB4FD71FF8E6CDEF1CE /* AppDelegate.swift */ = {isa = PBXFileReference; fileEncoding = 4; lastKnownFileType = sourcecode.swift; path = AppDelegate.swift; sourceTree = "<group>"; };
		C8D1F8A9E971665F433ACB7D /* Pods_MTGHelperTests.framework */ = {isa = PBXFileReference; explicitFileType = wrapper.framework; includeInIndex = 0; path = Pods_MTGHelperTests.framework; sourceTree = BUILT_PRODUCTS_DIR; };
		EA59BB8AE00FCCBC66CF7134 /* Pods_MTGHelper.framework */ = {isa = PBXFileReference; explicitFileType = wrapper.framework; includeInIndex = 0; path = Pods_MTGHelper.framework; sourceTree = BUILT_PRODUCTS_DIR; };
		FED8A2DE31AD6DA01A8CB67E /* Pods-MTGHelperTests.debug.xcconfig */ = {isa = PBXFileReference; includeInIndex = 1; lastKnownFileType = text.xcconfig; name = "Pods-MTGHelperTests.debug.xcconfig"; path = "Pods/Target Support Files/Pods-MTGHelperTests/Pods-MTGHelperTests.debug.xcconfig"; sourceTree = "<group>"; };
/* End PBXFileReference section */

/* Begin PBXFrameworksBuildPhase section */
		734E426C1D254F1D00575101 /* Frameworks */ = {
			isa = PBXFrameworksBuildPhase;
			buildActionMask = 2147483647;
			files = (
				4A3A75D55EEA537D2BCD1025 /* Pods_MTGHelper.framework in Frameworks */,
			);
			runOnlyForDeploymentPostprocessing = 0;
		};
		734E42801D254F1E00575101 /* Frameworks */ = {
			isa = PBXFrameworksBuildPhase;
			buildActionMask = 2147483647;
			files = (
				8EE32FDBB2B58F877221BD15 /* Pods_MTGHelperTests.framework in Frameworks */,
			);
			runOnlyForDeploymentPostprocessing = 0;
		};
/* End PBXFrameworksBuildPhase section */

/* Begin PBXGroup section */
		4B25C082EB5DA5A54E244093 /* Pods */ = {
			isa = PBXGroup;
			children = (
				1E2A4F5932B4F19733585733 /* Pods-MTGHelper.debug.xcconfig */,
				7BC45E34CB1F8C2402296E11 /* Pods-MTGHelper.release.xcconfig */,
				FED8A2DE31AD6DA01A8CB67E /* Pods-MTGHelperTests.debug.xcconfig */,
				951D7FB7BCC11FAB9A255331 /* Pods-MTGHelperTests.release.xcconfig */,
			);
			name = Pods;
			sourceTree = "<group>";
		};
		734E42661D254F1D00575101 = {
			isa = PBXGroup;
			children = (
				734E42711D254F1E00575101 /* MTGHelper */,
				734E42861D254F1E00575101 /* MTGHelperTests */,
				734E42701D254F1D00575101 /* Products */,
				4B25C082EB5DA5A54E244093 /* Pods */,
				963892E9F729E49D68DED3FF /* Frameworks */,
			);
			sourceTree = "<group>";
		};
		734E42701D254F1D00575101 /* Products */ = {
			isa = PBXGroup;
			children = (
				734E426F1D254F1D00575101 /* MTGHelper.app */,
				734E42831D254F1E00575101 /* MTGHelperTests.xctest */,
			);
			name = Products;
			sourceTree = "<group>";
		};
		734E42711D254F1E00575101 /* MTGHelper */ = {
			isa = PBXGroup;
			children = (
				734E427B1D254F1E00575101 /* LaunchScreen.storyboard */,
				B561E27BE7FFEFFF58A50FA4 /* Source */,
				B561ECE04C702B096F873FF8 /* Supporting Files */,
			);
			path = MTGHelper;
			sourceTree = "<group>";
		};
		734E42861D254F1E00575101 /* MTGHelperTests */ = {
			isa = PBXGroup;
			children = (
				734E42871D254F1E00575101 /* MTGHelperTests.swift */,
				734E42891D254F1E00575101 /* Info.plist */,
			);
			path = MTGHelperTests;
			sourceTree = "<group>";
		};
		963892E9F729E49D68DED3FF /* Frameworks */ = {
			isa = PBXGroup;
			children = (
				EA59BB8AE00FCCBC66CF7134 /* Pods_MTGHelper.framework */,
				C8D1F8A9E971665F433ACB7D /* Pods_MTGHelperTests.framework */,
			);
			name = Frameworks;
			sourceTree = "<group>";
		};
		B561E077F403642DCF2994E1 /* View Models */ = {
			isa = PBXGroup;
			children = (
				B561E59C1AADB1310B3CC7EA /* Search */,
				B561E10317E437FD88BE03D5 /* Card Details */,
			);
			path = "View Models";
			sourceTree = "<group>";
		};
		B561E10317E437FD88BE03D5 /* Card Details */ = {
			isa = PBXGroup;
			children = (
				734E42CC1D299E6D00575101 /* CardDetailsViewModel.swift */,
			);
			path = "Card Details";
			sourceTree = "<group>";
		};
		B561E1D263B53AD4FFD715F6 /* Server */ = {
			isa = PBXGroup;
			children = (
				734E42B21D29500A00575101 /* ServerResponse.swift */,
				734E42B61D2957CE00575101 /* ServerCard.swift */,
				734E42C21D2970D900575101 /* ServerCardsList.swift */,
			);
			path = Server;
			sourceTree = "<group>";
		};
		B561E27BE7FFEFFF58A50FA4 /* Source */ = {
			isa = PBXGroup;
			children = (
				B561ECB4FD71FF8E6CDEF1CE /* AppDelegate.swift */,
				B561EF5B32E7FDA29C29E8D3 /* UI */,
				B561EA5BAAA76D8A71DFB163 /* API */,
				734E42B01D294F6600575101 /* Config.swift */,
				B561E549ADB79F43897A4834 /* Models */,
				B561E9BB1A76F5BD0D1D50B9 /* Services */,
				B561E288E677B6E2086D6872 /* Extensions */,
			);
			path = Source;
			sourceTree = "<group>";
		};
		B561E288E677B6E2086D6872 /* Extensions */ = {
			isa = PBXGroup;
			children = (
				734E42BC1D2961CA00575101 /* ErrorTypeAdditions.swift */,
				734E42BE1D29626700575101 /* UIViewControllerAdditions.swift */,
				734E42C81D29937D00575101 /* UIImageViewAdditions.swift */,
			);
			path = Extensions;
			sourceTree = "<group>";
		};
		B561E37E619A8626B64F41BA /* Cells */ = {
			isa = PBXGroup;
			children = (
				734E42C41D2982B300575101 /* SearchCardsTableViewCell.swift */,
				734E42C51D2982B300575101 /* SearchCardsTableViewCell.xib */,
			);
			path = Cells;
			sourceTree = "<group>";
		};
		B561E549ADB79F43897A4834 /* Models */ = {
			isa = PBXGroup;
			children = (
				B561E1D263B53AD4FFD715F6 /* Server */,
				734E42B41D29506700575101 /* CustomError.swift */,
				734E42C01D29700F00575101 /* Card.swift */,
			);
			path = Models;
			sourceTree = "<group>";
		};
		B561E59C1AADB1310B3CC7EA /* Search */ = {
			isa = PBXGroup;
			children = (
				734E42B81D295B3200575101 /* CardsSearchViewModel.swift */,
			);
			path = Search;
			sourceTree = "<group>";
		};
		B561E9371AB3F38331B16AF5 /* Card Details */ = {
			isa = PBXGroup;
			children = (
				734E42CE1D299E9B00575101 /* CardDetailsViewController.swift */,
				734E42CF1D299E9B00575101 /* CardDetailsViewController.xib */,
			);
			path = "Card Details";
			sourceTree = "<group>";
		};
		B561E9BB1A76F5BD0D1D50B9 /* Services */ = {
			isa = PBXGroup;
			children = (
				734E42BA1D295BFC00575101 /* CardsSearchService.swift */,
			);
			path = Services;
			sourceTree = "<group>";
		};
		B561EA5BAAA76D8A71DFB163 /* API */ = {
			isa = PBXGroup;
			children = (
				734E42AE1D293E5100575101 /* DeckbrewAPI.swift */,
			);
			path = API;
			sourceTree = "<group>";
		};
		B561EAAD6DA8A536B3A4C6C5 /* View Controllers */ = {
			isa = PBXGroup;
			children = (
				B561EE5BE0A9E2EAC323EFFD /* Search */,
				B561E9371AB3F38331B16AF5 /* Card Details */,
			);
			path = "View Controllers";
			sourceTree = "<group>";
		};
		B561ECE04C702B096F873FF8 /* Supporting Files */ = {
			isa = PBXGroup;
			children = (
				B561E61C59A4EA67DA02E983 /* Assets.xcassets */,
				B561E219EB1F8292FE2B0353 /* Info.plist */,
			);
			path = "Supporting Files";
			sourceTree = "<group>";
		};
		B561EE5BE0A9E2EAC323EFFD /* Search */ = {
			isa = PBXGroup;
			children = (
				734E42A21D26BBA900575101 /* CardsSearchViewController.swift */,
				734E42A31D26BBA900575101 /* CardsSearchViewController.xib */,
			);
			path = Search;
			sourceTree = "<group>";
		};
		B561EF38A770253282528984 /* Views */ = {
			isa = PBXGroup;
			children = (
				B561E37E619A8626B64F41BA /* Cells */,
			);
			path = Views;
			sourceTree = "<group>";
		};
		B561EF5B32E7FDA29C29E8D3 /* UI */ = {
			isa = PBXGroup;
			children = (
				B561EAAD6DA8A536B3A4C6C5 /* View Controllers */,
				B561E077F403642DCF2994E1 /* View Models */,
				B561EF38A770253282528984 /* Views */,
			);
			path = UI;
			sourceTree = "<group>";
		};
/* End PBXGroup section */

/* Begin PBXNativeTarget section */
		734E426E1D254F1D00575101 /* MTGHelper */ = {
			isa = PBXNativeTarget;
			buildConfigurationList = 734E428C1D254F1E00575101 /* Build configuration list for PBXNativeTarget "MTGHelper" */;
			buildPhases = (
				7606533A4E3A0127D30B2AA2 /* [CP] Check Pods Manifest.lock */,
				734E426B1D254F1D00575101 /* Sources */,
				734E426C1D254F1D00575101 /* Frameworks */,
				734E426D1D254F1D00575101 /* Resources */,
				A46B42E0580B327AB2172EEA /* [CP] Embed Pods Frameworks */,
				AA682685D01A025A6E9F2655 /* [CP] Copy Pods Resources */,
			);
			buildRules = (
			);
			dependencies = (
			);
			name = MTGHelper;
			productName = MTGHelper;
			productReference = 734E426F1D254F1D00575101 /* MTGHelper.app */;
			productType = "com.apple.product-type.application";
		};
		734E42821D254F1E00575101 /* MTGHelperTests */ = {
			isa = PBXNativeTarget;
			buildConfigurationList = 734E428F1D254F1E00575101 /* Build configuration list for PBXNativeTarget "MTGHelperTests" */;
			buildPhases = (
				935EF80624D64C6588154E3B /* [CP] Check Pods Manifest.lock */,
				734E427F1D254F1E00575101 /* Sources */,
				734E42801D254F1E00575101 /* Frameworks */,
				734E42811D254F1E00575101 /* Resources */,
				A87BF78A77FB095CE096B2A1 /* [CP] Embed Pods Frameworks */,
				23A48394585171E1CF5F5C79 /* [CP] Copy Pods Resources */,
			);
			buildRules = (
			);
			dependencies = (
				734E42851D254F1E00575101 /* PBXTargetDependency */,
			);
			name = MTGHelperTests;
			productName = MTGHelperTests;
			productReference = 734E42831D254F1E00575101 /* MTGHelperTests.xctest */;
			productType = "com.apple.product-type.bundle.unit-test";
		};
/* End PBXNativeTarget section */

/* Begin PBXProject section */
		734E42671D254F1D00575101 /* Project object */ = {
			isa = PBXProject;
			attributes = {
				LastSwiftUpdateCheck = 0730;
				LastUpgradeCheck = 0730;
				ORGANIZATIONNAME = "Alex Amelchenko";
				TargetAttributes = {
					734E426E1D254F1D00575101 = {
						CreatedOnToolsVersion = 7.3.1;
						DevelopmentTeam = 83KKF36338;
					};
					734E42821D254F1E00575101 = {
						CreatedOnToolsVersion = 7.3.1;
						TestTargetID = 734E426E1D254F1D00575101;
					};
				};
			};
			buildConfigurationList = 734E426A1D254F1D00575101 /* Build configuration list for PBXProject "MTGHelper" */;
			compatibilityVersion = "Xcode 3.2";
			developmentRegion = English;
			hasScannedForEncodings = 0;
			knownRegions = (
				en,
				Base,
			);
			mainGroup = 734E42661D254F1D00575101;
			productRefGroup = 734E42701D254F1D00575101 /* Products */;
			projectDirPath = "";
			projectRoot = "";
			targets = (
				734E426E1D254F1D00575101 /* MTGHelper */,
				734E42821D254F1E00575101 /* MTGHelperTests */,
			);
		};
/* End PBXProject section */

/* Begin PBXResourcesBuildPhase section */
		734E426D1D254F1D00575101 /* Resources */ = {
			isa = PBXResourcesBuildPhase;
			buildActionMask = 2147483647;
			files = (
				734E42A51D26BBA900575101 /* CardsSearchViewController.xib in Resources */,
				734E427D1D254F1E00575101 /* LaunchScreen.storyboard in Resources */,
				B561E7E4E82B24E019C8BDAF /* Assets.xcassets in Resources */,
				734E42D11D299E9B00575101 /* CardDetailsViewController.xib in Resources */,
				734E42C71D2982B400575101 /* SearchCardsTableViewCell.xib in Resources */,
			);
			runOnlyForDeploymentPostprocessing = 0;
		};
		734E42811D254F1E00575101 /* Resources */ = {
			isa = PBXResourcesBuildPhase;
			buildActionMask = 2147483647;
			files = (
			);
			runOnlyForDeploymentPostprocessing = 0;
		};
/* End PBXResourcesBuildPhase section */

/* Begin PBXShellScriptBuildPhase section */
		23A48394585171E1CF5F5C79 /* [CP] Copy Pods Resources */ = {
			isa = PBXShellScriptBuildPhase;
			buildActionMask = 2147483647;
			files = (
			);
			inputPaths = (
			);
			name = "[CP] Copy Pods Resources";
			outputPaths = (
			);
			runOnlyForDeploymentPostprocessing = 0;
			shellPath = /bin/sh;
			shellScript = "\"${SRCROOT}/Pods/Target Support Files/Pods-MTGHelperTests/Pods-MTGHelperTests-resources.sh\"\n";
			showEnvVarsInLog = 0;
		};
		7606533A4E3A0127D30B2AA2 /* [CP] Check Pods Manifest.lock */ = {
			isa = PBXShellScriptBuildPhase;
			buildActionMask = 2147483647;
			files = (
			);
			inputPaths = (
			);
			name = "[CP] Check Pods Manifest.lock";
			outputPaths = (
			);
			runOnlyForDeploymentPostprocessing = 0;
			shellPath = /bin/sh;
			shellScript = "diff \"${PODS_ROOT}/../Podfile.lock\" \"${PODS_ROOT}/Manifest.lock\" > /dev/null\nif [[ $? != 0 ]] ; then\n    cat << EOM\nerror: The sandbox is not in sync with the Podfile.lock. Run 'pod install' or update your CocoaPods installation.\nEOM\n    exit 1\nfi\n";
			showEnvVarsInLog = 0;
		};
		935EF80624D64C6588154E3B /* [CP] Check Pods Manifest.lock */ = {
			isa = PBXShellScriptBuildPhase;
			buildActionMask = 2147483647;
			files = (
			);
			inputPaths = (
			);
			name = "[CP] Check Pods Manifest.lock";
			outputPaths = (
			);
			runOnlyForDeploymentPostprocessing = 0;
			shellPath = /bin/sh;
			shellScript = "diff \"${PODS_ROOT}/../Podfile.lock\" \"${PODS_ROOT}/Manifest.lock\" > /dev/null\nif [[ $? != 0 ]] ; then\n    cat << EOM\nerror: The sandbox is not in sync with the Podfile.lock. Run 'pod install' or update your CocoaPods installation.\nEOM\n    exit 1\nfi\n";
			showEnvVarsInLog = 0;
		};
		A46B42E0580B327AB2172EEA /* [CP] Embed Pods Frameworks */ = {
			isa = PBXShellScriptBuildPhase;
			buildActionMask = 2147483647;
			files = (
			);
			inputPaths = (
			);
			name = "[CP] Embed Pods Frameworks";
			outputPaths = (
			);
			runOnlyForDeploymentPostprocessing = 0;
			shellPath = /bin/sh;
			shellScript = "\"${SRCROOT}/Pods/Target Support Files/Pods-MTGHelper/Pods-MTGHelper-frameworks.sh\"\n";
			showEnvVarsInLog = 0;
		};
		A87BF78A77FB095CE096B2A1 /* [CP] Embed Pods Frameworks */ = {
			isa = PBXShellScriptBuildPhase;
			buildActionMask = 2147483647;
			files = (
			);
			inputPaths = (
			);
			name = "[CP] Embed Pods Frameworks";
			outputPaths = (
			);
			runOnlyForDeploymentPostprocessing = 0;
			shellPath = /bin/sh;
			shellScript = "\"${SRCROOT}/Pods/Target Support Files/Pods-MTGHelperTests/Pods-MTGHelperTests-frameworks.sh\"\n";
			showEnvVarsInLog = 0;
		};
		AA682685D01A025A6E9F2655 /* [CP] Copy Pods Resources */ = {
			isa = PBXShellScriptBuildPhase;
			buildActionMask = 2147483647;
			files = (
			);
			inputPaths = (
			);
			name = "[CP] Copy Pods Resources";
			outputPaths = (
			);
			runOnlyForDeploymentPostprocessing = 0;
			shellPath = /bin/sh;
			shellScript = "\"${SRCROOT}/Pods/Target Support Files/Pods-MTGHelper/Pods-MTGHelper-resources.sh\"\n";
			showEnvVarsInLog = 0;
		};
/* End PBXShellScriptBuildPhase section */

/* Begin PBXSourcesBuildPhase section */
		734E426B1D254F1D00575101 /* Sources */ = {
			isa = PBXSourcesBuildPhase;
			buildActionMask = 2147483647;
			files = (
				734E42C91D29937D00575101 /* UIImageViewAdditions.swift in Sources */,
				734E42D01D299E9B00575101 /* CardDetailsViewController.swift in Sources */,
				B561E2590F8426481A1C9EBE /* AppDelegate.swift in Sources */,
				734E42B11D294F6600575101 /* Config.swift in Sources */,
				734E42AF1D293E5200575101 /* DeckbrewAPI.swift in Sources */,
				734E42A41D26BBA900575101 /* CardsSearchViewController.swift in Sources */,
				734E42BD1D2961CA00575101 /* ErrorTypeAdditions.swift in Sources */,
				734E42BF1D29626700575101 /* UIViewControllerAdditions.swift in Sources */,
				734E42C31D2970D900575101 /* ServerCardsList.swift in Sources */,
				734E42B91D295B3200575101 /* CardsSearchViewModel.swift in Sources */,
				734E42C11D29700F00575101 /* Card.swift in Sources */,
				734E42B31D29500A00575101 /* ServerResponse.swift in Sources */,
				734E42B51D29506700575101 /* CustomError.swift in Sources */,
				734E42BB1D295BFC00575101 /* CardsSearchService.swift in Sources */,
				734E42B71D2957CE00575101 /* ServerCard.swift in Sources */,
				734E42CD1D299E6D00575101 /* CardDetailsViewModel.swift in Sources */,
				734E42C61D2982B300575101 /* SearchCardsTableViewCell.swift in Sources */,
			);
			runOnlyForDeploymentPostprocessing = 0;
		};
		734E427F1D254F1E00575101 /* Sources */ = {
			isa = PBXSourcesBuildPhase;
			buildActionMask = 2147483647;
			files = (
				734E42881D254F1E00575101 /* MTGHelperTests.swift in Sources */,
			);
			runOnlyForDeploymentPostprocessing = 0;
		};
/* End PBXSourcesBuildPhase section */

/* Begin PBXTargetDependency section */
		734E42851D254F1E00575101 /* PBXTargetDependency */ = {
			isa = PBXTargetDependency;
			target = 734E426E1D254F1D00575101 /* MTGHelper */;
			targetProxy = 734E42841D254F1E00575101 /* PBXContainerItemProxy */;
		};
/* End PBXTargetDependency section */

/* Begin PBXVariantGroup section */
		734E427B1D254F1E00575101 /* LaunchScreen.storyboard */ = {
			isa = PBXVariantGroup;
			children = (
				734E427C1D254F1E00575101 /* Base */,
			);
			name = LaunchScreen.storyboard;
			sourceTree = "<group>";
		};
/* End PBXVariantGroup section */

/* Begin XCBuildConfiguration section */
		734E428A1D254F1E00575101 /* Debug */ = {
			isa = XCBuildConfiguration;
			buildSettings = {
				ALWAYS_SEARCH_USER_PATHS = NO;
				CLANG_ANALYZER_NONNULL = YES;
				CLANG_CXX_LANGUAGE_STANDARD = "gnu++0x";
				CLANG_CXX_LIBRARY = "libc++";
				CLANG_ENABLE_MODULES = YES;
				CLANG_ENABLE_OBJC_ARC = YES;
				CLANG_WARN_BOOL_CONVERSION = YES;
				CLANG_WARN_CONSTANT_CONVERSION = YES;
				CLANG_WARN_DIRECT_OBJC_ISA_USAGE = YES_ERROR;
				CLANG_WARN_EMPTY_BODY = YES;
				CLANG_WARN_ENUM_CONVERSION = YES;
				CLANG_WARN_INT_CONVERSION = YES;
				CLANG_WARN_OBJC_ROOT_CLASS = YES_ERROR;
				CLANG_WARN_UNREACHABLE_CODE = YES;
				CLANG_WARN__DUPLICATE_METHOD_MATCH = YES;
				"CODE_SIGN_IDENTITY[sdk=iphoneos*]" = "iPhone Developer";
				COPY_PHASE_STRIP = NO;
				DEBUG_INFORMATION_FORMAT = dwarf;
				ENABLE_STRICT_OBJC_MSGSEND = YES;
				ENABLE_TESTABILITY = YES;
				GCC_C_LANGUAGE_STANDARD = gnu99;
				GCC_DYNAMIC_NO_PIC = NO;
				GCC_NO_COMMON_BLOCKS = YES;
				GCC_OPTIMIZATION_LEVEL = 0;
				GCC_PREPROCESSOR_DEFINITIONS = (
					"DEBUG=1",
					"$(inherited)",
				);
				GCC_WARN_64_TO_32_BIT_CONVERSION = YES;
				GCC_WARN_ABOUT_RETURN_TYPE = YES_ERROR;
				GCC_WARN_UNDECLARED_SELECTOR = YES;
				GCC_WARN_UNINITIALIZED_AUTOS = YES_AGGRESSIVE;
				GCC_WARN_UNUSED_FUNCTION = YES;
				GCC_WARN_UNUSED_VARIABLE = YES;
				IPHONEOS_DEPLOYMENT_TARGET = 9.3;
				MTL_ENABLE_DEBUG_INFO = YES;
				ONLY_ACTIVE_ARCH = YES;
				SDKROOT = iphoneos;
				SWIFT_OPTIMIZATION_LEVEL = "-Onone";
			};
			name = Debug;
		};
		734E428B1D254F1E00575101 /* Release */ = {
			isa = XCBuildConfiguration;
			buildSettings = {
				ALWAYS_SEARCH_USER_PATHS = NO;
				CLANG_ANALYZER_NONNULL = YES;
				CLANG_CXX_LANGUAGE_STANDARD = "gnu++0x";
				CLANG_CXX_LIBRARY = "libc++";
				CLANG_ENABLE_MODULES = YES;
				CLANG_ENABLE_OBJC_ARC = YES;
				CLANG_WARN_BOOL_CONVERSION = YES;
				CLANG_WARN_CONSTANT_CONVERSION = YES;
				CLANG_WARN_DIRECT_OBJC_ISA_USAGE = YES_ERROR;
				CLANG_WARN_EMPTY_BODY = YES;
				CLANG_WARN_ENUM_CONVERSION = YES;
				CLANG_WARN_INT_CONVERSION = YES;
				CLANG_WARN_OBJC_ROOT_CLASS = YES_ERROR;
				CLANG_WARN_UNREACHABLE_CODE = YES;
				CLANG_WARN__DUPLICATE_METHOD_MATCH = YES;
				"CODE_SIGN_IDENTITY[sdk=iphoneos*]" = "iPhone Developer";
				COPY_PHASE_STRIP = NO;
				DEBUG_INFORMATION_FORMAT = "dwarf-with-dsym";
				ENABLE_NS_ASSERTIONS = NO;
				ENABLE_STRICT_OBJC_MSGSEND = YES;
				GCC_C_LANGUAGE_STANDARD = gnu99;
				GCC_NO_COMMON_BLOCKS = YES;
				GCC_WARN_64_TO_32_BIT_CONVERSION = YES;
				GCC_WARN_ABOUT_RETURN_TYPE = YES_ERROR;
				GCC_WARN_UNDECLARED_SELECTOR = YES;
				GCC_WARN_UNINITIALIZED_AUTOS = YES_AGGRESSIVE;
				GCC_WARN_UNUSED_FUNCTION = YES;
				GCC_WARN_UNUSED_VARIABLE = YES;
				IPHONEOS_DEPLOYMENT_TARGET = 9.3;
				MTL_ENABLE_DEBUG_INFO = NO;
				SDKROOT = iphoneos;
				VALIDATE_PRODUCT = YES;
			};
			name = Release;
		};
		734E428D1D254F1E00575101 /* Debug */ = {
			isa = XCBuildConfiguration;
			baseConfigurationReference = 1E2A4F5932B4F19733585733 /* Pods-MTGHelper.debug.xcconfig */;
			buildSettings = {
				ASSETCATALOG_COMPILER_APPICON_NAME = AppIcon;
				CODE_SIGN_IDENTITY = "iPhone Developer";
				"CODE_SIGN_IDENTITY[sdk=iphoneos*]" = "iPhone Developer";
				INFOPLIST_FILE = "$(SRCROOT)/MTGHelper/Supporting Files/Info.plist";
				LD_RUNPATH_SEARCH_PATHS = "$(inherited) @executable_path/Frameworks";
				PRODUCT_BUNDLE_IDENTIFIER = MTGHelper;
				PRODUCT_NAME = "$(TARGET_NAME)";
				PROVISIONING_PROFILE = "";
			};
			name = Debug;
		};
		734E428E1D254F1E00575101 /* Release */ = {
			isa = XCBuildConfiguration;
			baseConfigurationReference = 7BC45E34CB1F8C2402296E11 /* Pods-MTGHelper.release.xcconfig */;
			buildSettings = {
				ASSETCATALOG_COMPILER_APPICON_NAME = AppIcon;
				CODE_SIGN_IDENTITY = "iPhone Developer";
				"CODE_SIGN_IDENTITY[sdk=iphoneos*]" = "iPhone Developer";
				INFOPLIST_FILE = "$(SRCROOT)/MTGHelper/Supporting Files/Info.plist";
				LD_RUNPATH_SEARCH_PATHS = "$(inherited) @executable_path/Frameworks";
				PRODUCT_BUNDLE_IDENTIFIER = MTGHelper;
				PRODUCT_NAME = "$(TARGET_NAME)";
				PROVISIONING_PROFILE = "";
			};
			name = Release;
		};
		734E42901D254F1E00575101 /* Debug */ = {
			isa = XCBuildConfiguration;
			baseConfigurationReference = FED8A2DE31AD6DA01A8CB67E /* Pods-MTGHelperTests.debug.xcconfig */;
			buildSettings = {
				BUNDLE_LOADER = "$(TEST_HOST)";
				INFOPLIST_FILE = MTGHelperTests/Info.plist;
				LD_RUNPATH_SEARCH_PATHS = "$(inherited) @executable_path/Frameworks @loader_path/Frameworks";
				PRODUCT_BUNDLE_IDENTIFIER = none.MTGHelperTests;
				PRODUCT_NAME = "$(TARGET_NAME)";
				TEST_HOST = "$(BUILT_PRODUCTS_DIR)/MTGHelper.app/MTGHelper";
			};
			name = Debug;
		};
		734E42911D254F1E00575101 /* Release */ = {
			isa = XCBuildConfiguration;
			baseConfigurationReference = 951D7FB7BCC11FAB9A255331 /* Pods-MTGHelperTests.release.xcconfig */;
			buildSettings = {
				BUNDLE_LOADER = "$(TEST_HOST)";
				INFOPLIST_FILE = MTGHelperTests/Info.plist;
				LD_RUNPATH_SEARCH_PATHS = "$(inherited) @executable_path/Frameworks @loader_path/Frameworks";
				PRODUCT_BUNDLE_IDENTIFIER = none.MTGHelperTests;
				PRODUCT_NAME = "$(TARGET_NAME)";
				TEST_HOST = "$(BUILT_PRODUCTS_DIR)/MTGHelper.app/MTGHelper";
			};
			name = Release;
		};
/* End XCBuildConfiguration section */

/* Begin XCConfigurationList section */
		734E426A1D254F1D00575101 /* Build configuration list for PBXProject "MTGHelper" */ = {
			isa = XCConfigurationList;
			buildConfigurations = (
				734E428A1D254F1E00575101 /* Debug */,
				734E428B1D254F1E00575101 /* Release */,
			);
			defaultConfigurationIsVisible = 0;
			defaultConfigurationName = Debug;
		};
		734E428C1D254F1E00575101 /* Build configuration list for PBXNativeTarget "MTGHelper" */ = {
			isa = XCConfigurationList;
			buildConfigurations = (
				734E428D1D254F1E00575101 /* Debug */,
				734E428E1D254F1E00575101 /* Release */,
			);
			defaultConfigurationIsVisible = 0;
			defaultConfigurationName = Debug;
		};
		734E428F1D254F1E00575101 /* Build configuration list for PBXNativeTarget "MTGHelperTests" */ = {
			isa = XCConfigurationList;
			buildConfigurations = (
				734E42901D254F1E00575101 /* Debug */,
				734E42911D254F1E00575101 /* Release */,
			);
			defaultConfigurationIsVisible = 0;
			defaultConfigurationName = Debug;
		};
/* End XCConfigurationList section */
	};
	rootObject = 734E42671D254F1D00575101 /* Project object */;
}
