// !$*UTF8*$!
{
	archiveVersion = 1;
	classes = {
	};
	objectVersion = 46;
	objects = {

/* Begin PBXBuildFile section */
		734E427D1D254F1E00575101 /* LaunchScreen.storyboard in Resources */ = {isa = PBXBuildFile; fileRef = 734E427B1D254F1E00575101 /* LaunchScreen.storyboard */; };
		734E42881D254F1E00575101 /* MTGHelperTests.swift in Sources */ = {isa = PBXBuildFile; fileRef = 734E42871D254F1E00575101 /* MTGHelperTests.swift */; };
		734E42A41D26BBA900575101 /* CardsSearchViewController.swift in Sources */ = {isa = PBXBuildFile; fileRef = 734E42A21D26BBA900575101 /* CardsSearchViewController.swift */; };
		734E42A51D26BBA900575101 /* CardsSearchViewController.xib in Resources */ = {isa = PBXBuildFile; fileRef = 734E42A31D26BBA900575101 /* CardsSearchViewController.xib */; };
		B561E2590F8426481A1C9EBE /* AppDelegate.swift in Sources */ = {isa = PBXBuildFile; fileRef = B561ECB4FD71FF8E6CDEF1CE /* AppDelegate.swift */; };
		B561E7E4E82B24E019C8BDAF /* Assets.xcassets in Resources */ = {isa = PBXBuildFile; fileRef = B561E61C59A4EA67DA02E983 /* Assets.xcassets */; };
/* End PBXBuildFile section */

/* Begin PBXContainerItemProxy section */
		734E42841D254F1E00575101 /* PBXContainerItemProxy */ = {
			isa = PBXContainerItemProxy;
			containerPortal = 734E42671D254F1D00575101 /* Project object */;
			proxyType = 1;
			remoteGlobalIDString = 734E426E1D254F1D00575101;
			remoteInfo = MTGHelper;
		};
/* End PBXContainerItemProxy section */

/* Begin PBXFileReference section */
		734E426F1D254F1D00575101 /* MTGHelper.app */ = {isa = PBXFileReference; explicitFileType = wrapper.application; includeInIndex = 0; path = MTGHelper.app; sourceTree = BUILT_PRODUCTS_DIR; };
		734E427C1D254F1E00575101 /* Base */ = {isa = PBXFileReference; lastKnownFileType = file.storyboard; name = Base; path = Base.lproj/LaunchScreen.storyboard; sourceTree = "<group>"; };
		734E42831D254F1E00575101 /* MTGHelperTests.xctest */ = {isa = PBXFileReference; explicitFileType = wrapper.cfbundle; includeInIndex = 0; path = MTGHelperTests.xctest; sourceTree = BUILT_PRODUCTS_DIR; };
		734E42871D254F1E00575101 /* MTGHelperTests.swift */ = {isa = PBXFileReference; lastKnownFileType = sourcecode.swift; path = MTGHelperTests.swift; sourceTree = "<group>"; };
		734E42891D254F1E00575101 /* Info.plist */ = {isa = PBXFileReference; lastKnownFileType = text.plist.xml; path = Info.plist; sourceTree = "<group>"; };
		734E42A21D26BBA900575101 /* CardsSearchViewController.swift */ = {isa = PBXFileReference; fileEncoding = 4; lastKnownFileType = sourcecode.swift; path = CardsSearchViewController.swift; sourceTree = "<group>"; };
		734E42A31D26BBA900575101 /* CardsSearchViewController.xib */ = {isa = PBXFileReference; fileEncoding = 4; lastKnownFileType = file.xib; path = CardsSearchViewController.xib; sourceTree = "<group>"; };
		B561E219EB1F8292FE2B0353 /* Info.plist */ = {isa = PBXFileReference; fileEncoding = 4; lastKnownFileType = text.plist.info; path = Info.plist; sourceTree = "<group>"; };
		B561E61C59A4EA67DA02E983 /* Assets.xcassets */ = {isa = PBXFileReference; lastKnownFileType = folder.assetcatalog; path = Assets.xcassets; sourceTree = "<group>"; };
		B561ECB4FD71FF8E6CDEF1CE /* AppDelegate.swift */ = {isa = PBXFileReference; fileEncoding = 4; lastKnownFileType = sourcecode.swift; path = AppDelegate.swift; sourceTree = "<group>"; };
/* End PBXFileReference section */

/* Begin PBXFrameworksBuildPhase section */
		734E426C1D254F1D00575101 /* Frameworks */ = {
			isa = PBXFrameworksBuildPhase;
			buildActionMask = 2147483647;
			files = (
			);
			runOnlyForDeploymentPostprocessing = 0;
		};
		734E42801D254F1E00575101 /* Frameworks */ = {
			isa = PBXFrameworksBuildPhase;
			buildActionMask = 2147483647;
			files = (
			);
			runOnlyForDeploymentPostprocessing = 0;
		};
/* End PBXFrameworksBuildPhase section */

/* Begin PBXGroup section */
		734E42661D254F1D00575101 = {
			isa = PBXGroup;
			children = (
				734E42711D254F1E00575101 /* MTGHelper */,
				734E42861D254F1E00575101 /* MTGHelperTests */,
				734E42701D254F1D00575101 /* Products */,
			);
			sourceTree = "<group>";
		};
		734E42701D254F1D00575101 /* Products */ = {
			isa = PBXGroup;
			children = (
				734E426F1D254F1D00575101 /* MTGHelper.app */,
				734E42831D254F1E00575101 /* MTGHelperTests.xctest */,
			);
			name = Products;
			sourceTree = "<group>";
		};
		734E42711D254F1E00575101 /* MTGHelper */ = {
			isa = PBXGroup;
			children = (
				734E427B1D254F1E00575101 /* LaunchScreen.storyboard */,
				B561E27BE7FFEFFF58A50FA4 /* Source */,
				B561ECE04C702B096F873FF8 /* Supporting Files */,
			);
			path = MTGHelper;
			sourceTree = "<group>";
		};
		734E42861D254F1E00575101 /* MTGHelperTests */ = {
			isa = PBXGroup;
			children = (
				734E42871D254F1E00575101 /* MTGHelperTests.swift */,
				734E42891D254F1E00575101 /* Info.plist */,
			);
			path = MTGHelperTests;
			sourceTree = "<group>";
		};
		B561E27BE7FFEFFF58A50FA4 /* Source */ = {
			isa = PBXGroup;
			children = (
				B561ECB4FD71FF8E6CDEF1CE /* AppDelegate.swift */,
				B561EF5B32E7FDA29C29E8D3 /* UI */,
			);
			path = Source;
			sourceTree = "<group>";
		};
		B561EAAD6DA8A536B3A4C6C5 /* View Controllers */ = {
			isa = PBXGroup;
			children = (
				B561EE5BE0A9E2EAC323EFFD /* Search */,
			);
			path = "View Controllers";
			sourceTree = "<group>";
		};
		B561ECE04C702B096F873FF8 /* Supporting Files */ = {
			isa = PBXGroup;
			children = (
				B561E61C59A4EA67DA02E983 /* Assets.xcassets */,
				B561E219EB1F8292FE2B0353 /* Info.plist */,
			);
			path = "Supporting Files";
			sourceTree = "<group>";
		};
		B561EE5BE0A9E2EAC323EFFD /* Search */ = {
			isa = PBXGroup;
			children = (
				734E42A21D26BBA900575101 /* CardsSearchViewController.swift */,
				734E42A31D26BBA900575101 /* CardsSearchViewController.xib */,
			);
			path = Search;
			sourceTree = "<group>";
		};
		B561EF5B32E7FDA29C29E8D3 /* UI */ = {
			isa = PBXGroup;
			children = (
				B561EAAD6DA8A536B3A4C6C5 /* View Controllers */,
			);
			path = UI;
			sourceTree = "<group>";
		};
/* End PBXGroup section */

/* Begin PBXNativeTarget section */
		734E426E1D254F1D00575101 /* MTGHelper */ = {
			isa = PBXNativeTarget;
			buildConfigurationList = 734E428C1D254F1E00575101 /* Build configuration list for PBXNativeTarget "MTGHelper" */;
			buildPhases = (
				734E426B1D254F1D00575101 /* Sources */,
				734E426C1D254F1D00575101 /* Frameworks */,
				734E426D1D254F1D00575101 /* Resources */,
			);
			buildRules = (
			);
			dependencies = (
			);
			name = MTGHelper;
			productName = MTGHelper;
			productReference = 734E426F1D254F1D00575101 /* MTGHelper.app */;
			productType = "com.apple.product-type.application";
		};
		734E42821D254F1E00575101 /* MTGHelperTests */ = {
			isa = PBXNativeTarget;
			buildConfigurationList = 734E428F1D254F1E00575101 /* Build configuration list for PBXNativeTarget "MTGHelperTests" */;
			buildPhases = (
				734E427F1D254F1E00575101 /* Sources */,
				734E42801D254F1E00575101 /* Frameworks */,
				734E42811D254F1E00575101 /* Resources */,
			);
			buildRules = (
			);
			dependencies = (
				734E42851D254F1E00575101 /* PBXTargetDependency */,
			);
			name = MTGHelperTests;
			productName = MTGHelperTests;
			productReference = 734E42831D254F1E00575101 /* MTGHelperTests.xctest */;
			productType = "com.apple.product-type.bundle.unit-test";
		};
/* End PBXNativeTarget section */

/* Begin PBXProject section */
		734E42671D254F1D00575101 /* Project object */ = {
			isa = PBXProject;
			attributes = {
				LastSwiftUpdateCheck = 0730;
				LastUpgradeCheck = 0730;
				ORGANIZATIONNAME = "Alex Amelchenko";
				TargetAttributes = {
					734E426E1D254F1D00575101 = {
						CreatedOnToolsVersion = 7.3.1;
					};
					734E42821D254F1E00575101 = {
						CreatedOnToolsVersion = 7.3.1;
						TestTargetID = 734E426E1D254F1D00575101;
					};
				};
			};
			buildConfigurationList = 734E426A1D254F1D00575101 /* Build configuration list for PBXProject "MTGHelper" */;
			compatibilityVersion = "Xcode 3.2";
			developmentRegion = English;
			hasScannedForEncodings = 0;
			knownRegions = (
				en,
				Base,
			);
			mainGroup = 734E42661D254F1D00575101;
			productRefGroup = 734E42701D254F1D00575101 /* Products */;
			projectDirPath = "";
			projectRoot = "";
			targets = (
				734E426E1D254F1D00575101 /* MTGHelper */,
				734E42821D254F1E00575101 /* MTGHelperTests */,
			);
		};
/* End PBXProject section */

/* Begin PBXResourcesBuildPhase section */
		734E426D1D254F1D00575101 /* Resources */ = {
			isa = PBXResourcesBuildPhase;
			buildActionMask = 2147483647;
			files = (
				734E42A51D26BBA900575101 /* CardsSearchViewController.xib in Resources */,
				734E427D1D254F1E00575101 /* LaunchScreen.storyboard in Resources */,
				B561E7E4E82B24E019C8BDAF /* Assets.xcassets in Resources */,
			);
			runOnlyForDeploymentPostprocessing = 0;
		};
		734E42811D254F1E00575101 /* Resources */ = {
			isa = PBXResourcesBuildPhase;
			buildActionMask = 2147483647;
			files = (
			);
			runOnlyForDeploymentPostprocessing = 0;
		};
/* End PBXResourcesBuildPhase section */

/* Begin PBXSourcesBuildPhase section */
		734E426B1D254F1D00575101 /* Sources */ = {
			isa = PBXSourcesBuildPhase;
			buildActionMask = 2147483647;
			files = (
				B561E2590F8426481A1C9EBE /* AppDelegate.swift in Sources */,
				734E42A41D26BBA900575101 /* CardsSearchViewController.swift in Sources */,
			);
			runOnlyForDeploymentPostprocessing = 0;
		};
		734E427F1D254F1E00575101 /* Sources */ = {
			isa = PBXSourcesBuildPhase;
			buildActionMask = 2147483647;
			files = (
				734E42881D254F1E00575101 /* MTGHelperTests.swift in Sources */,
			);
			runOnlyForDeploymentPostprocessing = 0;
		};
/* End PBXSourcesBuildPhase section */

/* Begin PBXTargetDependency section */
		734E42851D254F1E00575101 /* PBXTargetDependency */ = {
			isa = PBXTargetDependency;
			target = 734E426E1D254F1D00575101 /* MTGHelper */;
			targetProxy = 734E42841D254F1E00575101 /* PBXContainerItemProxy */;
		};
/* End PBXTargetDependency section */

/* Begin PBXVariantGroup section */
		734E427B1D254F1E00575101 /* LaunchScreen.storyboard */ = {
			isa = PBXVariantGroup;
			children = (
				734E427C1D254F1E00575101 /* Base */,
			);
			name = LaunchScreen.storyboard;
			sourceTree = "<group>";
		};
/* End PBXVariantGroup section */

/* Begin XCBuildConfiguration section */
		734E428A1D254F1E00575101 /* Debug */ = {
			isa = XCBuildConfiguration;
			buildSettings = {
				ALWAYS_SEARCH_USER_PATHS = NO;
				CLANG_ANALYZER_NONNULL = YES;
				CLANG_CXX_LANGUAGE_STANDARD = "gnu++0x";
				CLANG_CXX_LIBRARY = "libc++";
				CLANG_ENABLE_MODULES = YES;
				CLANG_ENABLE_OBJC_ARC = YES;
				CLANG_WARN_BOOL_CONVERSION = YES;
				CLANG_WARN_CONSTANT_CONVERSION = YES;
				CLANG_WARN_DIRECT_OBJC_ISA_USAGE = YES_ERROR;
				CLANG_WARN_EMPTY_BODY = YES;
				CLANG_WARN_ENUM_CONVERSION = YES;
				CLANG_WARN_INT_CONVERSION = YES;
				CLANG_WARN_OBJC_ROOT_CLASS = YES_ERROR;
				CLANG_WARN_UNREACHABLE_CODE = YES;
				CLANG_WARN__DUPLICATE_METHOD_MATCH = YES;
				"CODE_SIGN_IDENTITY[sdk=iphoneos*]" = "iPhone Developer";
				COPY_PHASE_STRIP = NO;
				DEBUG_INFORMATION_FORMAT = dwarf;
				ENABLE_STRICT_OBJC_MSGSEND = YES;
				ENABLE_TESTABILITY = YES;
				GCC_C_LANGUAGE_STANDARD = gnu99;
				GCC_DYNAMIC_NO_PIC = NO;
				GCC_NO_COMMON_BLOCKS = YES;
				GCC_OPTIMIZATION_LEVEL = 0;
				GCC_PREPROCESSOR_DEFINITIONS = (
					"DEBUG=1",
					"$(inherited)",
				);
				GCC_WARN_64_TO_32_BIT_CONVERSION = YES;
				GCC_WARN_ABOUT_RETURN_TYPE = YES_ERROR;
				GCC_WARN_UNDECLARED_SELECTOR = YES;
				GCC_WARN_UNINITIALIZED_AUTOS = YES_AGGRESSIVE;
				GCC_WARN_UNUSED_FUNCTION = YES;
				GCC_WARN_UNUSED_VARIABLE = YES;
				IPHONEOS_DEPLOYMENT_TARGET = 9.3;
				MTL_ENABLE_DEBUG_INFO = YES;
				ONLY_ACTIVE_ARCH = YES;
				SDKROOT = iphoneos;
				SWIFT_OPTIMIZATION_LEVEL = "-Onone";
			};
			name = Debug;
		};
		734E428B1D254F1E00575101 /* Release */ = {
			isa = XCBuildConfiguration;
			buildSettings = {
				ALWAYS_SEARCH_USER_PATHS = NO;
				CLANG_ANALYZER_NONNULL = YES;
				CLANG_CXX_LANGUAGE_STANDARD = "gnu++0x";
				CLANG_CXX_LIBRARY = "libc++";
				CLANG_ENABLE_MODULES = YES;
				CLANG_ENABLE_OBJC_ARC = YES;
				CLANG_WARN_BOOL_CONVERSION = YES;
				CLANG_WARN_CONSTANT_CONVERSION = YES;
				CLANG_WARN_DIRECT_OBJC_ISA_USAGE = YES_ERROR;
				CLANG_WARN_EMPTY_BODY = YES;
				CLANG_WARN_ENUM_CONVERSION = YES;
				CLANG_WARN_INT_CONVERSION = YES;
				CLANG_WARN_OBJC_ROOT_CLASS = YES_ERROR;
				CLANG_WARN_UNREACHABLE_CODE = YES;
				CLANG_WARN__DUPLICATE_METHOD_MATCH = YES;
				"CODE_SIGN_IDENTITY[sdk=iphoneos*]" = "iPhone Developer";
				COPY_PHASE_STRIP = NO;
				DEBUG_INFORMATION_FORMAT = "dwarf-with-dsym";
				ENABLE_NS_ASSERTIONS = NO;
				ENABLE_STRICT_OBJC_MSGSEND = YES;
				GCC_C_LANGUAGE_STANDARD = gnu99;
				GCC_NO_COMMON_BLOCKS = YES;
				GCC_WARN_64_TO_32_BIT_CONVERSION = YES;
				GCC_WARN_ABOUT_RETURN_TYPE = YES_ERROR;
				GCC_WARN_UNDECLARED_SELECTOR = YES;
				GCC_WARN_UNINITIALIZED_AUTOS = YES_AGGRESSIVE;
				GCC_WARN_UNUSED_FUNCTION = YES;
				GCC_WARN_UNUSED_VARIABLE = YES;
				IPHONEOS_DEPLOYMENT_TARGET = 9.3;
				MTL_ENABLE_DEBUG_INFO = NO;
				SDKROOT = iphoneos;
				VALIDATE_PRODUCT = YES;
			};
			name = Release;
		};
		734E428D1D254F1E00575101 /* Debug */ = {
			isa = XCBuildConfiguration;
			buildSettings = {
				ASSETCATALOG_COMPILER_APPICON_NAME = AppIcon;
				INFOPLIST_FILE = "$(SRCROOT)/MTGHelper/Supporting Files/Info.plist";
				LD_RUNPATH_SEARCH_PATHS = "$(inherited) @executable_path/Frameworks";
				PRODUCT_BUNDLE_IDENTIFIER = none.MTGHelper;
				PRODUCT_NAME = "$(TARGET_NAME)";
			};
			name = Debug;
		};
		734E428E1D254F1E00575101 /* Release */ = {
			isa = XCBuildConfiguration;
			buildSettings = {
				ASSETCATALOG_COMPILER_APPICON_NAME = AppIcon;
				INFOPLIST_FILE = "$(SRCROOT)/MTGHelper/Supporting Files/Info.plist";
				LD_RUNPATH_SEARCH_PATHS = "$(inherited) @executable_path/Frameworks";
				PRODUCT_BUNDLE_IDENTIFIER = none.MTGHelper;
				PRODUCT_NAME = "$(TARGET_NAME)";
			};
			name = Release;
		};
		734E42901D254F1E00575101 /* Debug */ = {
			isa = XCBuildConfiguration;
			buildSettings = {
				BUNDLE_LOADER = "$(TEST_HOST)";
				INFOPLIST_FILE = MTGHelperTests/Info.plist;
				LD_RUNPATH_SEARCH_PATHS = "$(inherited) @executable_path/Frameworks @loader_path/Frameworks";
				PRODUCT_BUNDLE_IDENTIFIER = none.MTGHelperTests;
				PRODUCT_NAME = "$(TARGET_NAME)";
				TEST_HOST = "$(BUILT_PRODUCTS_DIR)/MTGHelper.app/MTGHelper";
			};
			name = Debug;
		};
		734E42911D254F1E00575101 /* Release */ = {
			isa = XCBuildConfiguration;
			buildSettings = {
				BUNDLE_LOADER = "$(TEST_HOST)";
				INFOPLIST_FILE = MTGHelperTests/Info.plist;
				LD_RUNPATH_SEARCH_PATHS = "$(inherited) @executable_path/Frameworks @loader_path/Frameworks";
				PRODUCT_BUNDLE_IDENTIFIER = none.MTGHelperTests;
				PRODUCT_NAME = "$(TARGET_NAME)";
				TEST_HOST = "$(BUILT_PRODUCTS_DIR)/MTGHelper.app/MTGHelper";
			};
			name = Release;
		};
/* End XCBuildConfiguration section */

/* Begin XCConfigurationList section */
		734E426A1D254F1D00575101 /* Build configuration list for PBXProject "MTGHelper" */ = {
			isa = XCConfigurationList;
			buildConfigurations = (
				734E428A1D254F1E00575101 /* Debug */,
				734E428B1D254F1E00575101 /* Release */,
			);
			defaultConfigurationIsVisible = 0;
			defaultConfigurationName = Debug;
		};
		734E428C1D254F1E00575101 /* Build configuration list for PBXNativeTarget "MTGHelper" */ = {
			isa = XCConfigurationList;
			buildConfigurations = (
				734E428D1D254F1E00575101 /* Debug */,
				734E428E1D254F1E00575101 /* Release */,
			);
			defaultConfigurationIsVisible = 0;
			defaultConfigurationName = Debug;
		};
		734E428F1D254F1E00575101 /* Build configuration list for PBXNativeTarget "MTGHelperTests" */ = {
			isa = XCConfigurationList;
			buildConfigurations = (
				734E42901D254F1E00575101 /* Debug */,
				734E42911D254F1E00575101 /* Release */,
			);
			defaultConfigurationIsVisible = 0;
			defaultConfigurationName = Debug;
		};
/* End XCConfigurationList section */
	};
	rootObject = 734E42671D254F1D00575101 /* Project object */;
}
